
Microsoft Visual Studio Solution File, Format Version 12.00
# Visual Studio Version 17
VisualStudioVersion = 17.8.34525.116
MinimumVisualStudioVersion = 10.0.40219.1
Project("{FAE04EC0-301F-11D3-BF4B-00C04F79EFBC}") = "BlogApp", "BlogApp\BlogApp.csproj", "{D8663C2E-0B9D-4884-A04E-9C2EDD69C0F8}"
EndProject
Global
	GlobalSection(SolutionConfigurationPlatforms) = preSolution
		Debug|Any CPU = Debug|Any CPU
		Release|Any CPU = Release|Any CPU
	EndGlobalSection
	GlobalSection(ProjectConfigurationPlatforms) = postSolution
		{D8663C2E-0B9D-4884-A04E-9C2EDD69C0F8}.Debug|Any CPU.ActiveCfg = Debug|Any CPU
		{D8663C2E-0B9D-4884-A04E-9C2EDD69C0F8}.Debug|Any CPU.Build.0 = Debug|Any CPU
		{D8663C2E-0B9D-4884-A04E-9C2EDD69C0F8}.Release|Any CPU.ActiveCfg = Release|Any CPU
		{D8663C2E-0B9D-4884-A04E-9C2EDD69C0F8}.Release|Any CPU.Build.0 = Release|Any CPU
	EndGlobalSection
	GlobalSection(SolutionProperties) = preSolution
		HideSolutionNode = FALSE
	EndGlobalSection
	GlobalSection(ExtensibilityGlobals) = postSolution
		SolutionGuid = {496B8463-219A-4681-BD55-5C9F7771F96B}
	EndGlobalSection
EndGlobal
